
Microsoft Visual Studio Solution File, Format Version 12.00
# Visual Studio Version 17
VisualStudioVersion = 17.4.33213.308
MinimumVisualStudioVersion = 10.0.40219.1
Project("{9A19103F-16F7-4668-BE54-9A1E7A4F7556}") = "FileConverterConsole", "FileConverter\FileConverterConsole.csproj", "{D809AC11-21FA-4E12-B4A1-03FBD2B2F24E}"
EndProject
Global
	GlobalSection(SolutionConfigurationPlatforms) = preSolution
		Debug|Any CPU = Debug|Any CPU
		Release|Any CPU = Release|Any CPU
	EndGlobalSection
	GlobalSection(ProjectConfigurationPlatforms) = postSolution
		{D809AC11-21FA-4E12-B4A1-03FBD2B2F24E}.Debug|Any CPU.ActiveCfg = Debug|Any CPU
		{D809AC11-21FA-4E12-B4A1-03FBD2B2F24E}.Debug|Any CPU.Build.0 = Debug|Any CPU
		{D809AC11-21FA-4E12-B4A1-03FBD2B2F24E}.Release|Any CPU.ActiveCfg = Release|Any CPU
		{D809AC11-21FA-4E12-B4A1-03FBD2B2F24E}.Release|Any CPU.Build.0 = Release|Any CPU
	EndGlobalSection
	GlobalSection(SolutionProperties) = preSolution
		HideSolutionNode = FALSE
	EndGlobalSection
	GlobalSection(ExtensibilityGlobals) = postSolution
		SolutionGuid = {8D00D961-64D6-4CEB-A26A-4168782388C1}
	EndGlobalSection
EndGlobal
